
Microsoft Visual Studio Solution File, Format Version 12.00
# Visual Studio 15
VisualStudioVersion = 15.0.27428.2015
MinimumVisualStudioVersion = 10.0.40219.1
Project("{9A19103F-16F7-4668-BE54-9A1E7A4F7556}") = "FeatureToggle.Web", "FeatureToggle.Web\FeatureToggle.Web.csproj", "{C01455B7-9622-4552-BA22-9198AD647859}"
EndProject
Project("{E53339B2-1760-4266-BCC7-CA923CBCF16C}") = "docker-compose", "docker-compose.dcproj", "{178D9498-C28D-4667-8CBC-7A506D6CC43E}"
EndProject
Project("{9A19103F-16F7-4668-BE54-9A1E7A4F7556}") = "FeatureToggle.Web.Tests", "FeatureToggle.Web.Tests\FeatureToggle.Web.Tests.csproj", "{6F764E77-FB47-4131-B6AA-7005E84CAE41}"
EndProject
Project("{9A19103F-16F7-4668-BE54-9A1E7A4F7556}") = "FeatureToggle.Definitions", "FeatureToggle.Definitions\FeatureToggle.Definitions.csproj", "{64E310C7-763A-4EAC-BAF9-BB04C55D1B4B}"
EndProject
Project("{9A19103F-16F7-4668-BE54-9A1E7A4F7556}") = "FeatureToggle.DAL", "FeatureToggle.DAL\FeatureToggle.DAL.csproj", "{B951FFFE-D943-4148-9E2D-5B621C097037}"
EndProject
Project("{9A19103F-16F7-4668-BE54-9A1E7A4F7556}") = "FeatureToggle.DAL.Tests", "FeatureToggle.DAL.Tests\FeatureToggle.DAL.Tests.csproj", "{D8096157-CD68-4353-B286-FDD7D9D39D5E}"
EndProject
Project("{FAE04EC0-301F-11D3-BF4B-00C04F79EFBC}") = "FeatureToggle.Web.FunctionalTests", "FeatureToggle.Web.FunctionalTests\FeatureToggle.Web.FunctionalTests.csproj", "{59519556-B996-4416-B2D5-F8A94B9B3347}"
EndProject
Project("{9A19103F-16F7-4668-BE54-9A1E7A4F7556}") = "FeatureToggle.API", "FeatureToggle.API\FeatureToggle.API.csproj", "{09E21D01-ED1F-43F3-AFB2-F37A1BFA2ED0}"
EndProject
Project("{9A19103F-16F7-4668-BE54-9A1E7A4F7556}") = "FeatureToggle.API.Tests", "FeatureToggle.API.Tests\FeatureToggle.API.Tests.csproj", "{C3724872-BF03-4F01-850A-4197A7A6F4A2}"
EndProject
Project("{2150E333-8FDC-42A3-9474-1A3956D46DE8}") = "Web Apps", "Web Apps", "{0A26FC5B-156D-4237-9F81-AA2763CB5F7F}"
EndProject
Project("{2150E333-8FDC-42A3-9474-1A3956D46DE8}") = "Tests", "Tests", "{EE541EC3-4743-4206-9163-41340A0F6A0B}"
EndProject
Project("{2150E333-8FDC-42A3-9474-1A3956D46DE8}") = "Common", "Common", "{B028566C-77B0-45FB-90B2-73D76444FB44}"
EndProject
Project("{2150E333-8FDC-42A3-9474-1A3956D46DE8}") = "Docker", "Docker", "{6C284882-A01B-48CD-B286-4C91244E4333}"
	ProjectSection(SolutionItems) = preProject
		Docker\.dockerignore = Docker\.dockerignore
		Docker\Dockerfile = Docker\Dockerfile
		Docker\Features.json = Docker\Features.json
		Docker\launchWebsites.bat = Docker\launchWebsites.bat
		Docker\README.txt = Docker\README.txt
	EndProjectSection
EndProject
Global
	GlobalSection(SolutionConfigurationPlatforms) = preSolution
		Debug|Any CPU = Debug|Any CPU
		Release|Any CPU = Release|Any CPU
	EndGlobalSection
	GlobalSection(ProjectConfigurationPlatforms) = postSolution
		{C01455B7-9622-4552-BA22-9198AD647859}.Debug|Any CPU.ActiveCfg = Debug|Any CPU
		{C01455B7-9622-4552-BA22-9198AD647859}.Debug|Any CPU.Build.0 = Debug|Any CPU
		{C01455B7-9622-4552-BA22-9198AD647859}.Release|Any CPU.ActiveCfg = Release|Any CPU
		{C01455B7-9622-4552-BA22-9198AD647859}.Release|Any CPU.Build.0 = Release|Any CPU
		{178D9498-C28D-4667-8CBC-7A506D6CC43E}.Debug|Any CPU.ActiveCfg = Debug|Any CPU
		{178D9498-C28D-4667-8CBC-7A506D6CC43E}.Debug|Any CPU.Build.0 = Debug|Any CPU
		{178D9498-C28D-4667-8CBC-7A506D6CC43E}.Release|Any CPU.ActiveCfg = Release|Any CPU
		{178D9498-C28D-4667-8CBC-7A506D6CC43E}.Release|Any CPU.Build.0 = Release|Any CPU
		{6F764E77-FB47-4131-B6AA-7005E84CAE41}.Debug|Any CPU.ActiveCfg = Debug|Any CPU
		{6F764E77-FB47-4131-B6AA-7005E84CAE41}.Debug|Any CPU.Build.0 = Debug|Any CPU
		{6F764E77-FB47-4131-B6AA-7005E84CAE41}.Release|Any CPU.ActiveCfg = Release|Any CPU
		{6F764E77-FB47-4131-B6AA-7005E84CAE41}.Release|Any CPU.Build.0 = Release|Any CPU
		{64E310C7-763A-4EAC-BAF9-BB04C55D1B4B}.Debug|Any CPU.ActiveCfg = Debug|Any CPU
		{64E310C7-763A-4EAC-BAF9-BB04C55D1B4B}.Debug|Any CPU.Build.0 = Debug|Any CPU
		{64E310C7-763A-4EAC-BAF9-BB04C55D1B4B}.Release|Any CPU.ActiveCfg = Release|Any CPU
		{64E310C7-763A-4EAC-BAF9-BB04C55D1B4B}.Release|Any CPU.Build.0 = Release|Any CPU
		{B951FFFE-D943-4148-9E2D-5B621C097037}.Debug|Any CPU.ActiveCfg = Debug|Any CPU
		{B951FFFE-D943-4148-9E2D-5B621C097037}.Debug|Any CPU.Build.0 = Debug|Any CPU
		{B951FFFE-D943-4148-9E2D-5B621C097037}.Release|Any CPU.ActiveCfg = Release|Any CPU
		{B951FFFE-D943-4148-9E2D-5B621C097037}.Release|Any CPU.Build.0 = Release|Any CPU
		{D8096157-CD68-4353-B286-FDD7D9D39D5E}.Debug|Any CPU.ActiveCfg = Debug|Any CPU
		{D8096157-CD68-4353-B286-FDD7D9D39D5E}.Debug|Any CPU.Build.0 = Debug|Any CPU
		{D8096157-CD68-4353-B286-FDD7D9D39D5E}.Release|Any CPU.ActiveCfg = Release|Any CPU
		{D8096157-CD68-4353-B286-FDD7D9D39D5E}.Release|Any CPU.Build.0 = Release|Any CPU
		{59519556-B996-4416-B2D5-F8A94B9B3347}.Debug|Any CPU.ActiveCfg = Debug|Any CPU
		{59519556-B996-4416-B2D5-F8A94B9B3347}.Debug|Any CPU.Build.0 = Debug|Any CPU
		{59519556-B996-4416-B2D5-F8A94B9B3347}.Release|Any CPU.ActiveCfg = Release|Any CPU
		{59519556-B996-4416-B2D5-F8A94B9B3347}.Release|Any CPU.Build.0 = Release|Any CPU
		{09E21D01-ED1F-43F3-AFB2-F37A1BFA2ED0}.Debug|Any CPU.ActiveCfg = Debug|Any CPU
		{09E21D01-ED1F-43F3-AFB2-F37A1BFA2ED0}.Debug|Any CPU.Build.0 = Debug|Any CPU
		{09E21D01-ED1F-43F3-AFB2-F37A1BFA2ED0}.Release|Any CPU.ActiveCfg = Release|Any CPU
		{09E21D01-ED1F-43F3-AFB2-F37A1BFA2ED0}.Release|Any CPU.Build.0 = Release|Any CPU
		{C3724872-BF03-4F01-850A-4197A7A6F4A2}.Debug|Any CPU.ActiveCfg = Debug|Any CPU
		{C3724872-BF03-4F01-850A-4197A7A6F4A2}.Debug|Any CPU.Build.0 = Debug|Any CPU
		{C3724872-BF03-4F01-850A-4197A7A6F4A2}.Release|Any CPU.ActiveCfg = Release|Any CPU
		{C3724872-BF03-4F01-850A-4197A7A6F4A2}.Release|Any CPU.Build.0 = Release|Any CPU
	EndGlobalSection
	GlobalSection(SolutionProperties) = preSolution
		HideSolutionNode = FALSE
	EndGlobalSection
	GlobalSection(NestedProjects) = preSolution
		{C01455B7-9622-4552-BA22-9198AD647859} = {0A26FC5B-156D-4237-9F81-AA2763CB5F7F}
		{178D9498-C28D-4667-8CBC-7A506D6CC43E} = {6C284882-A01B-48CD-B286-4C91244E4333}
		{6F764E77-FB47-4131-B6AA-7005E84CAE41} = {EE541EC3-4743-4206-9163-41340A0F6A0B}
		{64E310C7-763A-4EAC-BAF9-BB04C55D1B4B} = {B028566C-77B0-45FB-90B2-73D76444FB44}
		{B951FFFE-D943-4148-9E2D-5B621C097037} = {B028566C-77B0-45FB-90B2-73D76444FB44}
		{D8096157-CD68-4353-B286-FDD7D9D39D5E} = {EE541EC3-4743-4206-9163-41340A0F6A0B}
		{59519556-B996-4416-B2D5-F8A94B9B3347} = {EE541EC3-4743-4206-9163-41340A0F6A0B}
		{09E21D01-ED1F-43F3-AFB2-F37A1BFA2ED0} = {0A26FC5B-156D-4237-9F81-AA2763CB5F7F}
		{C3724872-BF03-4F01-850A-4197A7A6F4A2} = {EE541EC3-4743-4206-9163-41340A0F6A0B}
	EndGlobalSection
	GlobalSection(ExtensibilityGlobals) = postSolution
		SolutionGuid = {31B42E68-53A1-46A3-8F36-F889694F2FC7}
	EndGlobalSection
EndGlobal
