
Microsoft Visual Studio Solution File, Format Version 12.00
# Visual Studio 15
VisualStudioVersion = 15.0.28010.2016
MinimumVisualStudioVersion = 10.0.40219.1
Project("{6EC3EE1D-3C4E-46DD-8F32-0CC8E7565705}") = "FeatureToggle.API", "FeatureToggle.API\FeatureToggle.API.fsproj", "{6F50A3FE-75FA-499E-8574-1EFC82247978}"
EndProject
Project("{2150E333-8FDC-42A3-9474-1A3956D46DE8}") = "Common", "Common", "{E2B3E8BF-4C33-47F7-8E61-76856B768A3A}"
EndProject
Project("{2150E333-8FDC-42A3-9474-1A3956D46DE8}") = "Docker", "Docker", "{11423CEE-EC0C-4A70-A918-0885A421506F}"
EndProject
Project("{2150E333-8FDC-42A3-9474-1A3956D46DE8}") = "Web Apps", "Web Apps", "{F6D0D339-2410-4B50-B6DB-6DE8D34B6BB3}"
EndProject
Project("{2150E333-8FDC-42A3-9474-1A3956D46DE8}") = "Tests", "Tests", "{122AE616-8BA6-434E-9637-7274015235F1}"
EndProject
Project("{6EC3EE1D-3C4E-46DD-8F32-0CC8E7565705}") = "FeatureToggle.Definitions", "FeatureToggle.Definitions\FeatureToggle.Definitions.fsproj", "{205C1DCB-2554-4949-8E2A-9302B5432E83}"
EndProject
Project("{F2A71F9B-5D33-465A-A702-920D77279786}") = "FeatureToggle.DAL", "FeatureToggle.DiskRepository\FeatureToggle.DAL.fsproj", "{3263F13C-E689-4A0E-9AA3-ECF0758D0A4F}"
EndProject
Global
	GlobalSection(SolutionConfigurationPlatforms) = preSolution
		Debug|Any CPU = Debug|Any CPU
		Release|Any CPU = Release|Any CPU
	EndGlobalSection
	GlobalSection(ProjectConfigurationPlatforms) = postSolution
		{6F50A3FE-75FA-499E-8574-1EFC82247978}.Debug|Any CPU.ActiveCfg = Debug|Any CPU
		{6F50A3FE-75FA-499E-8574-1EFC82247978}.Debug|Any CPU.Build.0 = Debug|Any CPU
		{6F50A3FE-75FA-499E-8574-1EFC82247978}.Release|Any CPU.ActiveCfg = Release|Any CPU
		{6F50A3FE-75FA-499E-8574-1EFC82247978}.Release|Any CPU.Build.0 = Release|Any CPU
		{205C1DCB-2554-4949-8E2A-9302B5432E83}.Debug|Any CPU.ActiveCfg = Debug|Any CPU
		{205C1DCB-2554-4949-8E2A-9302B5432E83}.Debug|Any CPU.Build.0 = Debug|Any CPU
		{205C1DCB-2554-4949-8E2A-9302B5432E83}.Release|Any CPU.ActiveCfg = Release|Any CPU
		{205C1DCB-2554-4949-8E2A-9302B5432E83}.Release|Any CPU.Build.0 = Release|Any CPU
		{3263F13C-E689-4A0E-9AA3-ECF0758D0A4F}.Debug|Any CPU.ActiveCfg = Debug|Any CPU
		{3263F13C-E689-4A0E-9AA3-ECF0758D0A4F}.Debug|Any CPU.Build.0 = Debug|Any CPU
		{3263F13C-E689-4A0E-9AA3-ECF0758D0A4F}.Release|Any CPU.ActiveCfg = Release|Any CPU
		{3263F13C-E689-4A0E-9AA3-ECF0758D0A4F}.Release|Any CPU.Build.0 = Release|Any CPU
	EndGlobalSection
	GlobalSection(SolutionProperties) = preSolution
		HideSolutionNode = FALSE
	EndGlobalSection
	GlobalSection(NestedProjects) = preSolution
		{6F50A3FE-75FA-499E-8574-1EFC82247978} = {F6D0D339-2410-4B50-B6DB-6DE8D34B6BB3}
		{205C1DCB-2554-4949-8E2A-9302B5432E83} = {E2B3E8BF-4C33-47F7-8E61-76856B768A3A}
		{3263F13C-E689-4A0E-9AA3-ECF0758D0A4F} = {E2B3E8BF-4C33-47F7-8E61-76856B768A3A}
	EndGlobalSection
	GlobalSection(ExtensibilityGlobals) = postSolution
		SolutionGuid = {86BC843F-C75B-4BD5-94B6-3F32C5380890}
	EndGlobalSection
EndGlobal
